
Microsoft Visual Studio Solution File, Format Version 12.00
# Visual Studio Version 17
VisualStudioVersion = 17.4.33122.133
MinimumVisualStudioVersion = 10.0.40219.1
Project("{FAE04EC0-301F-11D3-BF4B-00C04F79EFBC}") = "WebAPI", "WebAPI\WebAPI.csproj", "{42CFDB62-BC93-4BE2-83CA-9D1E17E35823}"
EndProject
Global
	GlobalSection(SolutionConfigurationPlatforms) = preSolution
		Debug|Any CPU = Debug|Any CPU
		Release|Any CPU = Release|Any CPU
	EndGlobalSection
	GlobalSection(ProjectConfigurationPlatforms) = postSolution
		{42CFDB62-BC93-4BE2-83CA-9D1E17E35823}.Debug|Any CPU.ActiveCfg = Debug|Any CPU
		{42CFDB62-BC93-4BE2-83CA-9D1E17E35823}.Debug|Any CPU.Build.0 = Debug|Any CPU
		{42CFDB62-BC93-4BE2-83CA-9D1E17E35823}.Release|Any CPU.ActiveCfg = Release|Any CPU
		{42CFDB62-BC93-4BE2-83CA-9D1E17E35823}.Release|Any CPU.Build.0 = Release|Any CPU
	EndGlobalSection
	GlobalSection(SolutionProperties) = preSolution
		HideSolutionNode = FALSE
	EndGlobalSection
	GlobalSection(ExtensibilityGlobals) = postSolution
		SolutionGuid = {49005169-CAEB-4EC5-9C6F-BA4EC59B8C81}
	EndGlobalSection
EndGlobal
